
Microsoft Visual Studio Solution File, Format Version 12.00
# Visual Studio Version 16
VisualStudioVersion = 16.0.29025.244
MinimumVisualStudioVersion = 10.0.40219.1
Project("{9A19103F-16F7-4668-BE54-9A1E7A4F7556}") = "customerportalapi", "customerportalapi\customerportalapi.csproj", "{A7837635-D5C3-49D7-840B-1E55FE0D90CF}"
EndProject
Project("{9A19103F-16F7-4668-BE54-9A1E7A4F7556}") = "customerportalapi.Entities", "customerportalapi.Entities\customerportalapi.Entities.csproj", "{E15EF4EA-9606-4BC0-8B66-92BC9A115714}"
EndProject
Project("{9A19103F-16F7-4668-BE54-9A1E7A4F7556}") = "customerportalapi.Repositories", "customerportalapi.Repositories\customerportalapi.Repositories.csproj", "{0E0CECD3-F259-429C-A0A6-BE37D3C60ED4}"
EndProject
Project("{2150E333-8FDC-42A3-9474-1A3956D46DE8}") = "Test", "Test", "{226F5BD7-9DAC-41E0-80C5-9FDAD7C73A67}"
EndProject
Project("{9A19103F-16F7-4668-BE54-9A1E7A4F7556}") = "customerportalapi.Repositories.Test", "customerportalapi.Repositories.Test\customerportalapi.Repositories.Test.csproj", "{868A1DFE-617F-409A-8123-4B717D8B62B8}"
EndProject
Project("{9A19103F-16F7-4668-BE54-9A1E7A4F7556}") = "customerportalapi.Services.Test", "customerportalapi.Services.Test\customerportalapi.Services.Test.csproj", "{D2124A86-8C4D-4938-BD58-5BC729F1BC0D}"
EndProject
Project("{2150E333-8FDC-42A3-9474-1A3956D46DE8}") = "Solution Items", "Solution Items", "{7CD22D29-E0B2-40B3-84CC-3BC6F99FDD16}"
	ProjectSection(SolutionItems) = preProject
		.gitignore = .gitignore
	EndProjectSection
EndProject
Project("{9A19103F-16F7-4668-BE54-9A1E7A4F7556}") = "customerportalapi.Services", "customerportalapi.Services\customerportalapi.Services.csproj", "{2BA82D16-B188-41D2-86BD-79112BE901FD}"
EndProject
Project("{9A19103F-16F7-4668-BE54-9A1E7A4F7556}") = "customerportalapi.Test", "customerportalapi.Test\customerportalapi.Test.csproj", "{3634B9E5-25D9-46E5-85F2-75132B629A96}"
EndProject
Global
	GlobalSection(SolutionConfigurationPlatforms) = preSolution
		Debug|Any CPU = Debug|Any CPU
		Release|Any CPU = Release|Any CPU
	EndGlobalSection
	GlobalSection(ProjectConfigurationPlatforms) = postSolution
		{A7837635-D5C3-49D7-840B-1E55FE0D90CF}.Debug|Any CPU.ActiveCfg = Debug|Any CPU
		{A7837635-D5C3-49D7-840B-1E55FE0D90CF}.Debug|Any CPU.Build.0 = Debug|Any CPU
		{A7837635-D5C3-49D7-840B-1E55FE0D90CF}.Release|Any CPU.ActiveCfg = Release|Any CPU
		{A7837635-D5C3-49D7-840B-1E55FE0D90CF}.Release|Any CPU.Build.0 = Release|Any CPU
		{E15EF4EA-9606-4BC0-8B66-92BC9A115714}.Debug|Any CPU.ActiveCfg = Debug|Any CPU
		{E15EF4EA-9606-4BC0-8B66-92BC9A115714}.Debug|Any CPU.Build.0 = Debug|Any CPU
		{E15EF4EA-9606-4BC0-8B66-92BC9A115714}.Release|Any CPU.ActiveCfg = Release|Any CPU
		{E15EF4EA-9606-4BC0-8B66-92BC9A115714}.Release|Any CPU.Build.0 = Release|Any CPU
		{0E0CECD3-F259-429C-A0A6-BE37D3C60ED4}.Debug|Any CPU.ActiveCfg = Debug|Any CPU
		{0E0CECD3-F259-429C-A0A6-BE37D3C60ED4}.Debug|Any CPU.Build.0 = Debug|Any CPU
		{0E0CECD3-F259-429C-A0A6-BE37D3C60ED4}.Release|Any CPU.ActiveCfg = Release|Any CPU
		{0E0CECD3-F259-429C-A0A6-BE37D3C60ED4}.Release|Any CPU.Build.0 = Release|Any CPU
		{868A1DFE-617F-409A-8123-4B717D8B62B8}.Debug|Any CPU.ActiveCfg = Debug|Any CPU
		{868A1DFE-617F-409A-8123-4B717D8B62B8}.Debug|Any CPU.Build.0 = Debug|Any CPU
		{868A1DFE-617F-409A-8123-4B717D8B62B8}.Release|Any CPU.ActiveCfg = Release|Any CPU
		{868A1DFE-617F-409A-8123-4B717D8B62B8}.Release|Any CPU.Build.0 = Release|Any CPU
		{D2124A86-8C4D-4938-BD58-5BC729F1BC0D}.Debug|Any CPU.ActiveCfg = Debug|Any CPU
		{D2124A86-8C4D-4938-BD58-5BC729F1BC0D}.Debug|Any CPU.Build.0 = Debug|Any CPU
		{D2124A86-8C4D-4938-BD58-5BC729F1BC0D}.Release|Any CPU.ActiveCfg = Release|Any CPU
		{D2124A86-8C4D-4938-BD58-5BC729F1BC0D}.Release|Any CPU.Build.0 = Release|Any CPU
		{2BA82D16-B188-41D2-86BD-79112BE901FD}.Debug|Any CPU.ActiveCfg = Debug|Any CPU
		{2BA82D16-B188-41D2-86BD-79112BE901FD}.Debug|Any CPU.Build.0 = Debug|Any CPU
		{2BA82D16-B188-41D2-86BD-79112BE901FD}.Release|Any CPU.ActiveCfg = Release|Any CPU
		{2BA82D16-B188-41D2-86BD-79112BE901FD}.Release|Any CPU.Build.0 = Release|Any CPU
		{3634B9E5-25D9-46E5-85F2-75132B629A96}.Debug|Any CPU.ActiveCfg = Debug|Any CPU
		{3634B9E5-25D9-46E5-85F2-75132B629A96}.Debug|Any CPU.Build.0 = Debug|Any CPU
		{3634B9E5-25D9-46E5-85F2-75132B629A96}.Release|Any CPU.ActiveCfg = Release|Any CPU
		{3634B9E5-25D9-46E5-85F2-75132B629A96}.Release|Any CPU.Build.0 = Release|Any CPU
	EndGlobalSection
	GlobalSection(SolutionProperties) = preSolution
		HideSolutionNode = FALSE
	EndGlobalSection
	GlobalSection(NestedProjects) = preSolution
		{868A1DFE-617F-409A-8123-4B717D8B62B8} = {226F5BD7-9DAC-41E0-80C5-9FDAD7C73A67}
		{D2124A86-8C4D-4938-BD58-5BC729F1BC0D} = {226F5BD7-9DAC-41E0-80C5-9FDAD7C73A67}
		{3634B9E5-25D9-46E5-85F2-75132B629A96} = {226F5BD7-9DAC-41E0-80C5-9FDAD7C73A67}
	EndGlobalSection
	GlobalSection(ExtensibilityGlobals) = postSolution
		SolutionGuid = {55FDAB88-C206-41F3-BCE5-C811821A3736}
	EndGlobalSection
EndGlobal
