
Microsoft Visual Studio Solution File, Format Version 12.00
# Visual Studio Version 16
VisualStudioVersion = 16.0.29025.244
MinimumVisualStudioVersion = 10.0.40219.1
Project("{9A19103F-16F7-4668-BE54-9A1E7A4F7556}") = "customerportalapi", "customerportalapi\customerportalapi.csproj", "{A7837635-D5C3-49D7-840B-1E55FE0D90CF}"
EndProject
Project("{9A19103F-16F7-4668-BE54-9A1E7A4F7556}") = "customerportalapi.Services", "customerportalapi.Services\customerportalapi.Services.csproj", "{61EAAA08-CA86-473E-966F-9E9B517BC567}"
EndProject
Project("{9A19103F-16F7-4668-BE54-9A1E7A4F7556}") = "customerportalapi.Entities", "customerportalapi.Entities\customerportalapi.Entities.csproj", "{E15EF4EA-9606-4BC0-8B66-92BC9A115714}"
EndProject
Project("{9A19103F-16F7-4668-BE54-9A1E7A4F7556}") = "customerportalapi.Repositories", "customerportalapi.Repositories\customerportalapi.Repositories.csproj", "{0E0CECD3-F259-429C-A0A6-BE37D3C60ED4}"
EndProject
Global
	GlobalSection(SolutionConfigurationPlatforms) = preSolution
		Debug|Any CPU = Debug|Any CPU
		Release|Any CPU = Release|Any CPU
	EndGlobalSection
	GlobalSection(ProjectConfigurationPlatforms) = postSolution
		{A7837635-D5C3-49D7-840B-1E55FE0D90CF}.Debug|Any CPU.ActiveCfg = Debug|Any CPU
		{A7837635-D5C3-49D7-840B-1E55FE0D90CF}.Debug|Any CPU.Build.0 = Debug|Any CPU
		{A7837635-D5C3-49D7-840B-1E55FE0D90CF}.Release|Any CPU.ActiveCfg = Release|Any CPU
		{A7837635-D5C3-49D7-840B-1E55FE0D90CF}.Release|Any CPU.Build.0 = Release|Any CPU
		{61EAAA08-CA86-473E-966F-9E9B517BC567}.Debug|Any CPU.ActiveCfg = Debug|Any CPU
		{61EAAA08-CA86-473E-966F-9E9B517BC567}.Debug|Any CPU.Build.0 = Debug|Any CPU
		{61EAAA08-CA86-473E-966F-9E9B517BC567}.Release|Any CPU.ActiveCfg = Release|Any CPU
		{61EAAA08-CA86-473E-966F-9E9B517BC567}.Release|Any CPU.Build.0 = Release|Any CPU
		{E15EF4EA-9606-4BC0-8B66-92BC9A115714}.Debug|Any CPU.ActiveCfg = Debug|Any CPU
		{E15EF4EA-9606-4BC0-8B66-92BC9A115714}.Debug|Any CPU.Build.0 = Debug|Any CPU
		{E15EF4EA-9606-4BC0-8B66-92BC9A115714}.Release|Any CPU.ActiveCfg = Release|Any CPU
		{E15EF4EA-9606-4BC0-8B66-92BC9A115714}.Release|Any CPU.Build.0 = Release|Any CPU
		{0E0CECD3-F259-429C-A0A6-BE37D3C60ED4}.Debug|Any CPU.ActiveCfg = Debug|Any CPU
		{0E0CECD3-F259-429C-A0A6-BE37D3C60ED4}.Debug|Any CPU.Build.0 = Debug|Any CPU
		{0E0CECD3-F259-429C-A0A6-BE37D3C60ED4}.Release|Any CPU.ActiveCfg = Release|Any CPU
		{0E0CECD3-F259-429C-A0A6-BE37D3C60ED4}.Release|Any CPU.Build.0 = Release|Any CPU
	EndGlobalSection
	GlobalSection(SolutionProperties) = preSolution
		HideSolutionNode = FALSE
	EndGlobalSection
	GlobalSection(ExtensibilityGlobals) = postSolution
		SolutionGuid = {55FDAB88-C206-41F3-BCE5-C811821A3736}
	EndGlobalSection
EndGlobal
